{
  "originHash" : "a7478e138640eff09eaa7adb21304b0e345a7cecd42088c1c2285d0b85df5866",
  "pins" : [
    {
      "identity" : "objectbox-swift-spm",
      "kind" : "remoteSourceControl",
      "location" : "https://github.com/objectbox/objectbox-swift-spm",
      "state" : {
        "revision" : "28c3261c9836cd3f4d64ab6419a3628d2b167811",
        "version" : "4.4.1"
      }
    }
  ],
  "version" : 3
}
