// !$*UTF8*$!
{
	archiveVersion = 1;
	classes = {
	};
	objectVersion = 54;
	objects = {

/* Begin PBXBuildFile section */
		5039ECA02181DA350095204F /* AppDelegate.swift in Sources */ = {isa = PBXBuildFile; fileRef = 5039EC9F2181DA350095204F /* AppDelegate.swift */; };
		5039ECA22181DA350095204F /* ViewController.swift in Sources */ = {isa = PBXBuildFile; fileRef = 5039ECA12181DA350095204F /* ViewController.swift */; };
		5039ECA42181DA360095204F /* Assets.xcassets in Resources */ = {isa = PBXBuildFile; fileRef = 5039ECA32181DA360095204F /* Assets.xcassets */; };
		5039ECA72181DA360095204F /* Main.storyboard in Resources */ = {isa = PBXBuildFile; fileRef = 5039ECA52181DA360095204F /* Main.storyboard */; };
		5039ECAE2181DA560095204F /* Note.swift in Sources */ = {isa = PBXBuildFile; fileRef = 5070AB1421809535002305F8 /* Note.swift */; };
		5039ECB52181DFFF0095204F /* Author.swift in Sources */ = {isa = PBXBuildFile; fileRef = 5039ECB42181DFFF0095204F /* Author.swift */; };
		5039ECB62181DFFF0095204F /* Author.swift in Sources */ = {isa = PBXBuildFile; fileRef = 5039ECB42181DFFF0095204F /* Author.swift */; };
		5039ECBB2181E2020095204F /* Logger.swift in Sources */ = {isa = PBXBuildFile; fileRef = 5039ECBA2181E2020095204F /* Logger.swift */; };
		5039ECBE2181E2C90095204F /* StoreHelper.swift in Sources */ = {isa = PBXBuildFile; fileRef = 5039ECBC2181E2C90095204F /* StoreHelper.swift */; };
		5051DF2F2190806800E2595A /* PlaceholderViewController.swift in Sources */ = {isa = PBXBuildFile; fileRef = 5051DF2E2190806800E2595A /* PlaceholderViewController.swift */; };
		5070AAF0218066C0002305F8 /* AppDelegate.swift in Sources */ = {isa = PBXBuildFile; fileRef = 5070AAEF218066C0002305F8 /* AppDelegate.swift */; };
		5070AAF2218066C0002305F8 /* MasterViewController.swift in Sources */ = {isa = PBXBuildFile; fileRef = 5070AAF1218066C0002305F8 /* MasterViewController.swift */; };
		5070AAF4218066C0002305F8 /* NoteEditingViewController.swift in Sources */ = {isa = PBXBuildFile; fileRef = 5070AAF3218066C0002305F8 /* NoteEditingViewController.swift */; };
		5070AAF7218066C0002305F8 /* Main.storyboard in Resources */ = {isa = PBXBuildFile; fileRef = 5070AAF5218066C0002305F8 /* Main.storyboard */; };
		5070AAF9218066C1002305F8 /* Assets.xcassets in Resources */ = {isa = PBXBuildFile; fileRef = 5070AAF8218066C1002305F8 /* Assets.xcassets */; };
		5070AAFC218066C1002305F8 /* LaunchScreen.storyboard in Resources */ = {isa = PBXBuildFile; fileRef = 5070AAFA218066C1002305F8 /* LaunchScreen.storyboard */; };
		5070AB1521809535002305F8 /* Note.swift in Sources */ = {isa = PBXBuildFile; fileRef = 5070AB1421809535002305F8 /* Note.swift */; };
		50DC4E832188617A00DF7253 /* Services.swift in Sources */ = {isa = PBXBuildFile; fileRef = 50DC4E822188617A00DF7253 /* Services.swift */; };
		50DC4E872188963F00DF7253 /* NotesOverviewViewController.swift in Sources */ = {isa = PBXBuildFile; fileRef = 50DC4E862188963F00DF7253 /* NotesOverviewViewController.swift */; };
		50DC4E9E2189961F00DF7253 /* Array+Extensions.swift in Sources */ = {isa = PBXBuildFile; fileRef = 50DC4E9D2189961F00DF7253 /* Array+Extensions.swift */; };
		50DC4EA22189A7B200DF7253 /* AuthorsOverviewViewController.swift in Sources */ = {isa = PBXBuildFile; fileRef = 50DC4EA12189A7B200DF7253 /* AuthorsOverviewViewController.swift */; };
		50DC4EA42189AB9200DF7253 /* AuthorEditingViewController.swift in Sources */ = {isa = PBXBuildFile; fileRef = 50DC4EA32189AB9200DF7253 /* AuthorEditingViewController.swift */; };
		50DC4EA82189B92400DF7253 /* AuthorCreationViewController.swift in Sources */ = {isa = PBXBuildFile; fileRef = 50DC4EA72189B92400DF7253 /* AuthorCreationViewController.swift */; };
/* End PBXBuildFile section */

/* Begin PBXFileReference section */
		5039EC9D2181DA350095204F /* NotesExample-macOS.app */ = {isa = PBXFileReference; explicitFileType = wrapper.application; includeInIndex = 0; path = "NotesExample-macOS.app"; sourceTree = BUILT_PRODUCTS_DIR; };
		5039EC9F2181DA350095204F /* AppDelegate.swift */ = {isa = PBXFileReference; lastKnownFileType = sourcecode.swift; path = AppDelegate.swift; sourceTree = "<group>"; };
		5039ECA12181DA350095204F /* ViewController.swift */ = {isa = PBXFileReference; lastKnownFileType = sourcecode.swift; path = ViewController.swift; sourceTree = "<group>"; };
		5039ECA32181DA360095204F /* Assets.xcassets */ = {isa = PBXFileReference; lastKnownFileType = folder.assetcatalog; path = Assets.xcassets; sourceTree = "<group>"; };
		5039ECA62181DA360095204F /* Base */ = {isa = PBXFileReference; lastKnownFileType = file.storyboard; name = Base; path = Base.lproj/Main.storyboard; sourceTree = "<group>"; };
		5039ECA82181DA360095204F /* Info.plist */ = {isa = PBXFileReference; lastKnownFileType = text.plist.xml; path = Info.plist; sourceTree = "<group>"; };
		5039ECA92181DA360095204F /* NotesExample_macOS.entitlements */ = {isa = PBXFileReference; lastKnownFileType = text.plist.entitlements; path = NotesExample_macOS.entitlements; sourceTree = "<group>"; };
		5039ECB42181DFFF0095204F /* Author.swift */ = {isa = PBXFileReference; lastKnownFileType = sourcecode.swift; path = Author.swift; sourceTree = "<group>"; };
		5039ECBA2181E2020095204F /* Logger.swift */ = {isa = PBXFileReference; lastKnownFileType = sourcecode.swift; path = Logger.swift; sourceTree = "<group>"; };
		5039ECBC2181E2C90095204F /* StoreHelper.swift */ = {isa = PBXFileReference; lastKnownFileType = sourcecode.swift; path = StoreHelper.swift; sourceTree = "<group>"; };
		5051DF2E2190806800E2595A /* PlaceholderViewController.swift */ = {isa = PBXFileReference; lastKnownFileType = sourcecode.swift; path = PlaceholderViewController.swift; sourceTree = "<group>"; };
		5070AAEC218066C0002305F8 /* NotesExample-iOS.app */ = {isa = PBXFileReference; explicitFileType = wrapper.application; includeInIndex = 0; path = "NotesExample-iOS.app"; sourceTree = BUILT_PRODUCTS_DIR; };
		5070AAEF218066C0002305F8 /* AppDelegate.swift */ = {isa = PBXFileReference; lastKnownFileType = sourcecode.swift; path = AppDelegate.swift; sourceTree = "<group>"; };
		5070AAF1218066C0002305F8 /* MasterViewController.swift */ = {isa = PBXFileReference; lastKnownFileType = sourcecode.swift; path = MasterViewController.swift; sourceTree = "<group>"; };
		5070AAF3218066C0002305F8 /* NoteEditingViewController.swift */ = {isa = PBXFileReference; lastKnownFileType = sourcecode.swift; path = NoteEditingViewController.swift; sourceTree = "<group>"; };
		5070AAF6218066C0002305F8 /* Base */ = {isa = PBXFileReference; lastKnownFileType = file.storyboard; name = Base; path = Base.lproj/Main.storyboard; sourceTree = "<group>"; };
		5070AAF8218066C1002305F8 /* Assets.xcassets */ = {isa = PBXFileReference; lastKnownFileType = folder.assetcatalog; path = Assets.xcassets; sourceTree = "<group>"; };
		5070AAFB218066C1002305F8 /* Base */ = {isa = PBXFileReference; lastKnownFileType = file.storyboard; name = Base; path = Base.lproj/LaunchScreen.storyboard; sourceTree = "<group>"; };
		5070AAFD218066C1002305F8 /* Info.plist */ = {isa = PBXFileReference; lastKnownFileType = text.plist.xml; path = Info.plist; sourceTree = "<group>"; };
		5070AB1421809535002305F8 /* Note.swift */ = {isa = PBXFileReference; lastKnownFileType = sourcecode.swift; path = Note.swift; sourceTree = "<group>"; };
		5070AB16218095DA002305F8 /* Podfile */ = {isa = PBXFileReference; lastKnownFileType = text; path = Podfile; sourceTree = "<group>"; xcLanguageSpecificationIdentifier = xcode.lang.ruby; };
		50DC4E822188617A00DF7253 /* Services.swift */ = {isa = PBXFileReference; lastKnownFileType = sourcecode.swift; path = Services.swift; sourceTree = "<group>"; };
		50DC4E862188963F00DF7253 /* NotesOverviewViewController.swift */ = {isa = PBXFileReference; lastKnownFileType = sourcecode.swift; path = NotesOverviewViewController.swift; sourceTree = "<group>"; };
		50DC4E9D2189961F00DF7253 /* Array+Extensions.swift */ = {isa = PBXFileReference; lastKnownFileType = sourcecode.swift; path = "Array+Extensions.swift"; sourceTree = "<group>"; };
		50DC4EA12189A7B200DF7253 /* AuthorsOverviewViewController.swift */ = {isa = PBXFileReference; lastKnownFileType = sourcecode.swift; path = AuthorsOverviewViewController.swift; sourceTree = "<group>"; };
		50DC4EA32189AB9200DF7253 /* AuthorEditingViewController.swift */ = {isa = PBXFileReference; lastKnownFileType = sourcecode.swift; path = AuthorEditingViewController.swift; sourceTree = "<group>"; };
		50DC4EA72189B92400DF7253 /* AuthorCreationViewController.swift */ = {isa = PBXFileReference; lastKnownFileType = sourcecode.swift; path = AuthorCreationViewController.swift; sourceTree = "<group>"; };
		5571FBE121A5729000B2073D /* NotesExample-macOS.entitlements */ = {isa = PBXFileReference; lastKnownFileType = text.plist.entitlements; path = "NotesExample-macOS.entitlements"; sourceTree = "<group>"; };
/* End PBXFileReference section */

/* Begin PBXFrameworksBuildPhase section */
		5039EC9A2181DA350095204F /* Frameworks */ = {
			isa = PBXFrameworksBuildPhase;
			buildActionMask = 2147483647;
			files = (
			);
			runOnlyForDeploymentPostprocessing = 0;
		};
		5070AAE9218066C0002305F8 /* Frameworks */ = {
			isa = PBXFrameworksBuildPhase;
			buildActionMask = 2147483647;
			files = (
			);
			runOnlyForDeploymentPostprocessing = 0;
		};
/* End PBXFrameworksBuildPhase section */

/* Begin PBXGroup section */
		3DABC3C80306D2BD07D4938C /* Frameworks */ = {
			isa = PBXGroup;
			children = (
			);
			name = Frameworks;
			sourceTree = "<group>";
		};
		5039EC9E2181DA350095204F /* NotesExample-macOS */ = {
			isa = PBXGroup;
			children = (
				5571FBE121A5729000B2073D /* NotesExample-macOS.entitlements */,
				5039EC9F2181DA350095204F /* AppDelegate.swift */,
				5039ECA12181DA350095204F /* ViewController.swift */,
				5039ECBA2181E2020095204F /* Logger.swift */,
				5039ECBC2181E2C90095204F /* StoreHelper.swift */,
				5039ECA32181DA360095204F /* Assets.xcassets */,
				5039ECA52181DA360095204F /* Main.storyboard */,
				5039ECA82181DA360095204F /* Info.plist */,
				5039ECA92181DA360095204F /* NotesExample_macOS.entitlements */,
			);
			path = "NotesExample-macOS";
			sourceTree = "<group>";
		};
		5039ECAD2181DA4D0095204F /* Shared */ = {
			isa = PBXGroup;
			children = (
				5039ECB42181DFFF0095204F /* Author.swift */,
				5070AB1421809535002305F8 /* Note.swift */,
			);
			path = Shared;
			sourceTree = "<group>";
		};
		5070AAE3218066C0002305F8 = {
			isa = PBXGroup;
			children = (
				5070AB16218095DA002305F8 /* Podfile */,
				5039ECAD2181DA4D0095204F /* Shared */,
				5070AAEE218066C0002305F8 /* NotesExample-iOS */,
				5039EC9E2181DA350095204F /* NotesExample-macOS */,
				5070AAED218066C0002305F8 /* Products */,
				3DABC3C80306D2BD07D4938C /* Frameworks */,
			);
			sourceTree = "<group>";
		};
		5070AAED218066C0002305F8 /* Products */ = {
			isa = PBXGroup;
			children = (
				5070AAEC218066C0002305F8 /* NotesExample-iOS.app */,
				5039EC9D2181DA350095204F /* NotesExample-macOS.app */,
			);
			name = Products;
			sourceTree = "<group>";
		};
		5070AAEE218066C0002305F8 /* NotesExample-iOS */ = {
			isa = PBXGroup;
			children = (
				5070AAEF218066C0002305F8 /* AppDelegate.swift */,
				5070AAF1218066C0002305F8 /* MasterViewController.swift */,
				5051DF2E2190806800E2595A /* PlaceholderViewController.swift */,
				50DC4E862188963F00DF7253 /* NotesOverviewViewController.swift */,
				5070AAF3218066C0002305F8 /* NoteEditingViewController.swift */,
				50DC4EA12189A7B200DF7253 /* AuthorsOverviewViewController.swift */,
				50DC4EA32189AB9200DF7253 /* AuthorEditingViewController.swift */,
				50DC4EA72189B92400DF7253 /* AuthorCreationViewController.swift */,
				50DC4E822188617A00DF7253 /* Services.swift */,
				50DC4E9D2189961F00DF7253 /* Array+Extensions.swift */,
				5070AAF5218066C0002305F8 /* Main.storyboard */,
				5070AAF8218066C1002305F8 /* Assets.xcassets */,
				5070AAFA218066C1002305F8 /* LaunchScreen.storyboard */,
				5070AAFD218066C1002305F8 /* Info.plist */,
			);
			path = "NotesExample-iOS";
			sourceTree = "<group>";
		};
/* End PBXGroup section */

/* Begin PBXNativeTarget section */
		5039EC9C2181DA350095204F /* NotesExample-macOS */ = {
			isa = PBXNativeTarget;
			buildConfigurationList = 5039ECAA2181DA360095204F /* Build configuration list for PBXNativeTarget "NotesExample-macOS" */;
			buildPhases = (
				5039EC992181DA350095204F /* Sources */,
				5039EC9A2181DA350095204F /* Frameworks */,
				5039EC9B2181DA350095204F /* Resources */,
			);
			buildRules = (
			);
			dependencies = (
			);
			name = "NotesExample-macOS";
			productName = "NotesExample-macOS";
			productReference = 5039EC9D2181DA350095204F /* NotesExample-macOS.app */;
			productType = "com.apple.product-type.application";
		};
		5070AAEB218066C0002305F8 /* NotesExample-iOS */ = {
			isa = PBXNativeTarget;
			buildConfigurationList = 5070AB00218066C1002305F8 /* Build configuration list for PBXNativeTarget "NotesExample-iOS" */;
			buildPhases = (
				5070AAE8218066C0002305F8 /* Sources */,
				5070AAE9218066C0002305F8 /* Frameworks */,
				5070AAEA218066C0002305F8 /* Resources */,
			);
			buildRules = (
			);
			dependencies = (
			);
			name = "NotesExample-iOS";
			productName = NotesExample;
			productReference = 5070AAEC218066C0002305F8 /* NotesExample-iOS.app */;
			productType = "com.apple.product-type.application";
		};
/* End PBXNativeTarget section */

/* Begin PBXProject section */
		5070AAE4218066C0002305F8 /* Project object */ = {
			isa = PBXProject;
			attributes = {
				BuildIndependentTargetsInParallel = YES;
				LastSwiftUpdateCheck = 1000;
				LastUpgradeCheck = 1500;
				ORGANIZATIONNAME = ObjectBox;
				TargetAttributes = {
					5039EC9C2181DA350095204F = {
						CreatedOnToolsVersion = 10.0;
						LastSwiftMigration = 1020;
						SystemCapabilities = {
							com.apple.Sandbox = {
								enabled = 0;
							};
						};
					};
					5070AAEB218066C0002305F8 = {
						CreatedOnToolsVersion = 10.0;
						LastSwiftMigration = 1500;
					};
				};
			};
			buildConfigurationList = 5070AAE7218066C0002305F8 /* Build configuration list for PBXProject "NotesExample" */;
			compatibilityVersion = "Xcode 9.3";
			developmentRegion = en;
			hasScannedForEncodings = 0;
			knownRegions = (
				en,
				Base,
			);
			mainGroup = 5070AAE3218066C0002305F8;
			productRefGroup = 5070AAED218066C0002305F8 /* Products */;
			projectDirPath = "";
			projectRoot = "";
			targets = (
				5070AAEB218066C0002305F8 /* NotesExample-iOS */,
				5039EC9C2181DA350095204F /* NotesExample-macOS */,
			);
		};
/* End PBXProject section */

/* Begin PBXResourcesBuildPhase section */
		5039EC9B2181DA350095204F /* Resources */ = {
			isa = PBXResourcesBuildPhase;
			buildActionMask = 2147483647;
			files = (
				5039ECA42181DA360095204F /* Assets.xcassets in Resources */,
				5039ECA72181DA360095204F /* Main.storyboard in Resources */,
			);
			runOnlyForDeploymentPostprocessing = 0;
		};
		5070AAEA218066C0002305F8 /* Resources */ = {
			isa = PBXResourcesBuildPhase;
			buildActionMask = 2147483647;
			files = (
				5070AAFC218066C1002305F8 /* LaunchScreen.storyboard in Resources */,
				5070AAF9218066C1002305F8 /* Assets.xcassets in Resources */,
				5070AAF7218066C0002305F8 /* Main.storyboard in Resources */,
			);
			runOnlyForDeploymentPostprocessing = 0;
		};
/* End PBXResourcesBuildPhase section */

/* Begin PBXSourcesBuildPhase section */
		5039EC992181DA350095204F /* Sources */ = {
			isa = PBXSourcesBuildPhase;
			buildActionMask = 2147483647;
			files = (
				5039ECA22181DA350095204F /* ViewController.swift in Sources */,
				5039ECBE2181E2C90095204F /* StoreHelper.swift in Sources */,
				5039ECA02181DA350095204F /* AppDelegate.swift in Sources */,
				5039ECAE2181DA560095204F /* Note.swift in Sources */,
				5039ECBB2181E2020095204F /* Logger.swift in Sources */,
				5039ECB62181DFFF0095204F /* Author.swift in Sources */,
			);
			runOnlyForDeploymentPostprocessing = 0;
		};
		5070AAE8218066C0002305F8 /* Sources */ = {
			isa = PBXSourcesBuildPhase;
			buildActionMask = 2147483647;
			files = (
				5051DF2F2190806800E2595A /* PlaceholderViewController.swift in Sources */,
				5039ECB52181DFFF0095204F /* Author.swift in Sources */,
				5070AAF4218066C0002305F8 /* NoteEditingViewController.swift in Sources */,
				50DC4EA22189A7B200DF7253 /* AuthorsOverviewViewController.swift in Sources */,
				50DC4EA82189B92400DF7253 /* AuthorCreationViewController.swift in Sources */,
				5070AAF2218066C0002305F8 /* MasterViewController.swift in Sources */,
				50DC4EA42189AB9200DF7253 /* AuthorEditingViewController.swift in Sources */,
				50DC4E9E2189961F00DF7253 /* Array+Extensions.swift in Sources */,
				50DC4E872188963F00DF7253 /* NotesOverviewViewController.swift in Sources */,
				5070AAF0218066C0002305F8 /* AppDelegate.swift in Sources */,
				50DC4E832188617A00DF7253 /* Services.swift in Sources */,
				5070AB1521809535002305F8 /* Note.swift in Sources */,
			);
			runOnlyForDeploymentPostprocessing = 0;
		};
/* End PBXSourcesBuildPhase section */

/* Begin PBXVariantGroup section */
		5039ECA52181DA360095204F /* Main.storyboard */ = {
			isa = PBXVariantGroup;
			children = (
				5039ECA62181DA360095204F /* Base */,
			);
			name = Main.storyboard;
			sourceTree = "<group>";
		};
		5070AAF5218066C0002305F8 /* Main.storyboard */ = {
			isa = PBXVariantGroup;
			children = (
				5070AAF6218066C0002305F8 /* Base */,
			);
			name = Main.storyboard;
			sourceTree = "<group>";
		};
		5070AAFA218066C1002305F8 /* LaunchScreen.storyboard */ = {
			isa = PBXVariantGroup;
			children = (
				5070AAFB218066C1002305F8 /* Base */,
			);
			name = LaunchScreen.storyboard;
			sourceTree = "<group>";
		};
/* End PBXVariantGroup section */

/* Begin XCBuildConfiguration section */
		5039ECAB2181DA360095204F /* Debug */ = {
			isa = XCBuildConfiguration;
			buildSettings = {
				ASSETCATALOG_COMPILER_APPICON_NAME = AppIcon;
				CODE_SIGN_IDENTITY = "-";
				CODE_SIGN_STYLE = Automatic;
				COMBINE_HIDPI_IMAGES = YES;
				DEAD_CODE_STRIPPING = YES;
				INFOPLIST_FILE = "NotesExample-macOS/Info.plist";
				LD_RUNPATH_SEARCH_PATHS = (
					"$(inherited)",
					"@executable_path/../Frameworks",
				);
				PRODUCT_BUNDLE_IDENTIFIER = "io.objectbox.NotesExample-macOS";
				PRODUCT_NAME = "$(TARGET_NAME)";
				SDKROOT = macosx;
				SWIFT_VERSION = 5.0;
			};
			name = Debug;
		};
		5039ECAC2181DA360095204F /* Release */ = {
			isa = XCBuildConfiguration;
			buildSettings = {
				ASSETCATALOG_COMPILER_APPICON_NAME = AppIcon;
				CODE_SIGN_IDENTITY = "-";
				CODE_SIGN_STYLE = Automatic;
				COMBINE_HIDPI_IMAGES = YES;
				DEAD_CODE_STRIPPING = YES;
				INFOPLIST_FILE = "NotesExample-macOS/Info.plist";
				LD_RUNPATH_SEARCH_PATHS = (
					"$(inherited)",
					"@executable_path/../Frameworks",
				);
				PRODUCT_BUNDLE_IDENTIFIER = "io.objectbox.NotesExample-macOS";
				PRODUCT_NAME = "$(TARGET_NAME)";
				SDKROOT = macosx;
				SWIFT_VERSION = 5.0;
			};
			name = Release;
		};
		5070AAFE218066C1002305F8 /* Debug */ = {
			isa = XCBuildConfiguration;
			buildSettings = {
				ALWAYS_SEARCH_USER_PATHS = NO;
				CLANG_ANALYZER_NONNULL = YES;
				CLANG_ANALYZER_NUMBER_OBJECT_CONVERSION = YES_AGGRESSIVE;
				CLANG_CXX_LANGUAGE_STANDARD = "gnu++14";
				CLANG_CXX_LIBRARY = "libc++";
				CLANG_ENABLE_MODULES = YES;
				CLANG_ENABLE_OBJC_ARC = YES;
				CLANG_ENABLE_OBJC_WEAK = YES;
				CLANG_WARN_BLOCK_CAPTURE_AUTORELEASING = YES;
				CLANG_WARN_BOOL_CONVERSION = YES;
				CLANG_WARN_COMMA = YES;
				CLANG_WARN_CONSTANT_CONVERSION = YES;
				CLANG_WARN_DEPRECATED_OBJC_IMPLEMENTATIONS = YES;
				CLANG_WARN_DIRECT_OBJC_ISA_USAGE = YES_ERROR;
				CLANG_WARN_DOCUMENTATION_COMMENTS = YES;
				CLANG_WARN_EMPTY_BODY = YES;
				CLANG_WARN_ENUM_CONVERSION = YES;
				CLANG_WARN_INFINITE_RECURSION = YES;
				CLANG_WARN_INT_CONVERSION = YES;
				CLANG_WARN_NON_LITERAL_NULL_CONVERSION = YES;
				CLANG_WARN_OBJC_IMPLICIT_RETAIN_SELF = YES;
				CLANG_WARN_OBJC_LITERAL_CONVERSION = YES;
				CLANG_WARN_OBJC_ROOT_CLASS = YES_ERROR;
				CLANG_WARN_QUOTED_INCLUDE_IN_FRAMEWORK_HEADER = YES;
				CLANG_WARN_RANGE_LOOP_ANALYSIS = YES;
				CLANG_WARN_STRICT_PROTOTYPES = YES;
				CLANG_WARN_SUSPICIOUS_MOVE = YES;
				CLANG_WARN_UNGUARDED_AVAILABILITY = YES_AGGRESSIVE;
				CLANG_WARN_UNREACHABLE_CODE = YES;
				CLANG_WARN__DUPLICATE_METHOD_MATCH = YES;
				CODE_SIGN_IDENTITY = "iPhone Developer";
				COPY_PHASE_STRIP = NO;
				DEBUG_INFORMATION_FORMAT = dwarf;
				ENABLE_STRICT_OBJC_MSGSEND = YES;
				ENABLE_TESTABILITY = YES;
				ENABLE_USER_SCRIPT_SANDBOXING = NO;
				GCC_C_LANGUAGE_STANDARD = gnu11;
				GCC_DYNAMIC_NO_PIC = NO;
				GCC_NO_COMMON_BLOCKS = YES;
				GCC_OPTIMIZATION_LEVEL = 0;
				GCC_PREPROCESSOR_DEFINITIONS = (
					"DEBUG=1",
					"$(inherited)",
				);
				GCC_WARN_64_TO_32_BIT_CONVERSION = YES;
				GCC_WARN_ABOUT_RETURN_TYPE = YES_ERROR;
				GCC_WARN_UNDECLARED_SELECTOR = YES;
				GCC_WARN_UNINITIALIZED_AUTOS = YES_AGGRESSIVE;
				GCC_WARN_UNUSED_FUNCTION = YES;
				GCC_WARN_UNUSED_VARIABLE = YES;
				IPHONEOS_DEPLOYMENT_TARGET = 12.0;
				MACOSX_DEPLOYMENT_TARGET = 10.15;
				MTL_ENABLE_DEBUG_INFO = INCLUDE_SOURCE;
				MTL_FAST_MATH = YES;
				ONLY_ACTIVE_ARCH = YES;
				SDKROOT = iphoneos;
				SWIFT_ACTIVE_COMPILATION_CONDITIONS = DEBUG;
				SWIFT_OPTIMIZATION_LEVEL = "-Onone";
			};
			name = Debug;
		};
		5070AAFF218066C1002305F8 /* Release */ = {
			isa = XCBuildConfiguration;
			buildSettings = {
				ALWAYS_SEARCH_USER_PATHS = NO;
				CLANG_ANALYZER_NONNULL = YES;
				CLANG_ANALYZER_NUMBER_OBJECT_CONVERSION = YES_AGGRESSIVE;
				CLANG_CXX_LANGUAGE_STANDARD = "gnu++14";
				CLANG_CXX_LIBRARY = "libc++";
				CLANG_ENABLE_MODULES = YES;
				CLANG_ENABLE_OBJC_ARC = YES;
				CLANG_ENABLE_OBJC_WEAK = YES;
				CLANG_WARN_BLOCK_CAPTURE_AUTORELEASING = YES;
				CLANG_WARN_BOOL_CONVERSION = YES;
				CLANG_WARN_COMMA = YES;
				CLANG_WARN_CONSTANT_CONVERSION = YES;
				CLANG_WARN_DEPRECATED_OBJC_IMPLEMENTATIONS = YES;
				CLANG_WARN_DIRECT_OBJC_ISA_USAGE = YES_ERROR;
				CLANG_WARN_DOCUMENTATION_COMMENTS = YES;
				CLANG_WARN_EMPTY_BODY = YES;
				CLANG_WARN_ENUM_CONVERSION = YES;
				CLANG_WARN_INFINITE_RECURSION = YES;
				CLANG_WARN_INT_CONVERSION = YES;
				CLANG_WARN_NON_LITERAL_NULL_CONVERSION = YES;
				CLANG_WARN_OBJC_IMPLICIT_RETAIN_SELF = YES;
				CLANG_WARN_OBJC_LITERAL_CONVERSION = YES;
				CLANG_WARN_OBJC_ROOT_CLASS = YES_ERROR;
				CLANG_WARN_QUOTED_INCLUDE_IN_FRAMEWORK_HEADER = YES;
				CLANG_WARN_RANGE_LOOP_ANALYSIS = YES;
				CLANG_WARN_STRICT_PROTOTYPES = YES;
				CLANG_WARN_SUSPICIOUS_MOVE = YES;
				CLANG_WARN_UNGUARDED_AVAILABILITY = YES_AGGRESSIVE;
				CLANG_WARN_UNREACHABLE_CODE = YES;
				CLANG_WARN__DUPLICATE_METHOD_MATCH = YES;
				CODE_SIGN_IDENTITY = "iPhone Developer";
				COPY_PHASE_STRIP = NO;
				DEBUG_INFORMATION_FORMAT = "dwarf-with-dsym";
				ENABLE_NS_ASSERTIONS = NO;
				ENABLE_STRICT_OBJC_MSGSEND = YES;
				ENABLE_USER_SCRIPT_SANDBOXING = NO;
				GCC_C_LANGUAGE_STANDARD = gnu11;
				GCC_NO_COMMON_BLOCKS = YES;
				GCC_WARN_64_TO_32_BIT_CONVERSION = YES;
				GCC_WARN_ABOUT_RETURN_TYPE = YES_ERROR;
				GCC_WARN_UNDECLARED_SELECTOR = YES;
				GCC_WARN_UNINITIALIZED_AUTOS = YES_AGGRESSIVE;
				GCC_WARN_UNUSED_FUNCTION = YES;
				GCC_WARN_UNUSED_VARIABLE = YES;
				IPHONEOS_DEPLOYMENT_TARGET = 12.0;
				MACOSX_DEPLOYMENT_TARGET = 10.15;
				MTL_ENABLE_DEBUG_INFO = NO;
				MTL_FAST_MATH = YES;
				SDKROOT = iphoneos;
				SWIFT_COMPILATION_MODE = wholemodule;
				SWIFT_OPTIMIZATION_LEVEL = "-O";
				VALIDATE_PRODUCT = YES;
			};
			name = Release;
		};
		5070AB01218066C1002305F8 /* Debug */ = {
			isa = XCBuildConfiguration;
			buildSettings = {
				ASSETCATALOG_COMPILER_APPICON_NAME = AppIcon;
				CODE_SIGN_STYLE = Automatic;
				ENABLE_BITCODE = NO;
				INFOPLIST_FILE = "NotesExample-iOS/Info.plist";
				LD_RUNPATH_SEARCH_PATHS = (
					"$(inherited)",
					"@executable_path/Frameworks",
				);
				PRODUCT_BUNDLE_IDENTIFIER = io.objectbox.NotesExample;
				PRODUCT_MODULE_NAME = NotesExample;
				PRODUCT_NAME = "$(TARGET_NAME)";
				SWIFT_VERSION = 4.2;
				TARGETED_DEVICE_FAMILY = "1,2";
			};
			name = Debug;
		};
		5070AB02218066C1002305F8 /* Release */ = {
			isa = XCBuildConfiguration;
			buildSettings = {
				ASSETCATALOG_COMPILER_APPICON_NAME = AppIcon;
				CODE_SIGN_STYLE = Automatic;
				ENABLE_BITCODE = NO;
				INFOPLIST_FILE = "NotesExample-iOS/Info.plist";
				LD_RUNPATH_SEARCH_PATHS = (
					"$(inherited)",
					"@executable_path/Frameworks",
				);
				PRODUCT_BUNDLE_IDENTIFIER = io.objectbox.NotesExample;
				PRODUCT_MODULE_NAME = NotesExample;
				PRODUCT_NAME = "$(TARGET_NAME)";
				SWIFT_VERSION = 4.2;
				TARGETED_DEVICE_FAMILY = "1,2";
			};
			name = Release;
		};
/* End XCBuildConfiguration section */

/* Begin XCConfigurationList section */
		5039ECAA2181DA360095204F /* Build configuration list for PBXNativeTarget "NotesExample-macOS" */ = {
			isa = XCConfigurationList;
			buildConfigurations = (
				5039ECAB2181DA360095204F /* Debug */,
				5039ECAC2181DA360095204F /* Release */,
			);
			defaultConfigurationIsVisible = 0;
			defaultConfigurationName = Release;
		};
		5070AAE7218066C0002305F8 /* Build configuration list for PBXProject "NotesExample" */ = {
			isa = XCConfigurationList;
			buildConfigurations = (
				5070AAFE218066C1002305F8 /* Debug */,
				5070AAFF218066C1002305F8 /* Release */,
			);
			defaultConfigurationIsVisible = 0;
			defaultConfigurationName = Release;
		};
		5070AB00218066C1002305F8 /* Build configuration list for PBXNativeTarget "NotesExample-iOS" */ = {
			isa = XCConfigurationList;
			buildConfigurations = (
				5070AB01218066C1002305F8 /* Debug */,
				5070AB02218066C1002305F8 /* Release */,
			);
			defaultConfigurationIsVisible = 0;
			defaultConfigurationName = Release;
		};
/* End XCConfigurationList section */
	};
	rootObject = 5070AAE4218066C0002305F8 /* Project object */;
}
